// !$*UTF8*$!
{
	archiveVersion = 1;
	classes = {
	};
	objectVersion = 55;
	objects = {

/* Begin PBXBuildFile section */
		095BC8EC27E8AF2B008A29C9 /* InstagramClone_IOSApp.swift in Sources */ = {isa = PBXBuildFile; fileRef = 095BC8EB27E8AF2B008A29C9 /* InstagramClone_IOSApp.swift */; };
		095BC8EE27E8AF2B008A29C9 /* ContentView.swift in Sources */ = {isa = PBXBuildFile; fileRef = 095BC8ED27E8AF2B008A29C9 /* ContentView.swift */; };
		095BC8F027E8AF2F008A29C9 /* Assets.xcassets in Resources */ = {isa = PBXBuildFile; fileRef = 095BC8EF27E8AF2F008A29C9 /* Assets.xcassets */; };
		095BC8F327E8AF2F008A29C9 /* Preview Assets.xcassets in Resources */ = {isa = PBXBuildFile; fileRef = 095BC8F227E8AF2F008A29C9 /* Preview Assets.xcassets */; };
		095BC8FD27E8AF2F008A29C9 /* InstagramClone_IOSTests.swift in Sources */ = {isa = PBXBuildFile; fileRef = 095BC8FC27E8AF2F008A29C9 /* InstagramClone_IOSTests.swift */; };
		095BC90727E8AF2F008A29C9 /* InstagramClone_IOSUITests.swift in Sources */ = {isa = PBXBuildFile; fileRef = 095BC90627E8AF2F008A29C9 /* InstagramClone_IOSUITests.swift */; };
		095BC90927E8AF2F008A29C9 /* InstagramClone_IOSUITestsLaunchTests.swift in Sources */ = {isa = PBXBuildFile; fileRef = 095BC90827E8AF2F008A29C9 /* InstagramClone_IOSUITestsLaunchTests.swift */; };
		095BC91627E8C181008A29C9 /* PostView.swift in Sources */ = {isa = PBXBuildFile; fileRef = 095BC91527E8C181008A29C9 /* PostView.swift */; };
/* End PBXBuildFile section */

/* Begin PBXContainerItemProxy section */
		095BC8F927E8AF2F008A29C9 /* PBXContainerItemProxy */ = {
			isa = PBXContainerItemProxy;
			containerPortal = 095BC8E027E8AF2B008A29C9 /* Project object */;
			proxyType = 1;
			remoteGlobalIDString = 095BC8E727E8AF2B008A29C9;
			remoteInfo = InstagramClone_IOS;
		};
		095BC90327E8AF2F008A29C9 /* PBXContainerItemProxy */ = {
			isa = PBXContainerItemProxy;
			containerPortal = 095BC8E027E8AF2B008A29C9 /* Project object */;
			proxyType = 1;
			remoteGlobalIDString = 095BC8E727E8AF2B008A29C9;
			remoteInfo = InstagramClone_IOS;
		};
/* End PBXContainerItemProxy section */

/* Begin PBXFileReference section */
		095BC8E827E8AF2B008A29C9 /* InstagramClone_IOS.app */ = {isa = PBXFileReference; explicitFileType = wrapper.application; includeInIndex = 0; path = InstagramClone_IOS.app; sourceTree = BUILT_PRODUCTS_DIR; };
		095BC8EB27E8AF2B008A29C9 /* InstagramClone_IOSApp.swift */ = {isa = PBXFileReference; lastKnownFileType = sourcecode.swift; path = InstagramClone_IOSApp.swift; sourceTree = "<group>"; };
		095BC8ED27E8AF2B008A29C9 /* ContentView.swift */ = {isa = PBXFileReference; lastKnownFileType = sourcecode.swift; path = ContentView.swift; sourceTree = "<group>"; };
		095BC8EF27E8AF2F008A29C9 /* Assets.xcassets */ = {isa = PBXFileReference; lastKnownFileType = folder.assetcatalog; path = Assets.xcassets; sourceTree = "<group>"; };
		095BC8F227E8AF2F008A29C9 /* Preview Assets.xcassets */ = {isa = PBXFileReference; lastKnownFileType = folder.assetcatalog; path = "Preview Assets.xcassets"; sourceTree = "<group>"; };
		095BC8F827E8AF2F008A29C9 /* InstagramClone_IOSTests.xctest */ = {isa = PBXFileReference; explicitFileType = wrapper.cfbundle; includeInIndex = 0; path = InstagramClone_IOSTests.xctest; sourceTree = BUILT_PRODUCTS_DIR; };
		095BC8FC27E8AF2F008A29C9 /* InstagramClone_IOSTests.swift */ = {isa = PBXFileReference; lastKnownFileType = sourcecode.swift; path = InstagramClone_IOSTests.swift; sourceTree = "<group>"; };
		095BC90227E8AF2F008A29C9 /* InstagramClone_IOSUITests.xctest */ = {isa = PBXFileReference; explicitFileType = wrapper.cfbundle; includeInIndex = 0; path = InstagramClone_IOSUITests.xctest; sourceTree = BUILT_PRODUCTS_DIR; };
		095BC90627E8AF2F008A29C9 /* InstagramClone_IOSUITests.swift */ = {isa = PBXFileReference; lastKnownFileType = sourcecode.swift; path = InstagramClone_IOSUITests.swift; sourceTree = "<group>"; };
		095BC90827E8AF2F008A29C9 /* InstagramClone_IOSUITestsLaunchTests.swift */ = {isa = PBXFileReference; lastKnownFileType = sourcecode.swift; path = InstagramClone_IOSUITestsLaunchTests.swift; sourceTree = "<group>"; };
		095BC91527E8C181008A29C9 /* PostView.swift */ = {isa = PBXFileReference; lastKnownFileType = sourcecode.swift; path = PostView.swift; sourceTree = "<group>"; };
/* End PBXFileReference section */

/* Begin PBXFrameworksBuildPhase section */
		095BC8E527E8AF2B008A29C9 /* Frameworks */ = {
			isa = PBXFrameworksBuildPhase;
			buildActionMask = 2147483647;
			files = (
			);
			runOnlyForDeploymentPostprocessing = 0;
		};
		095BC8F527E8AF2F008A29C9 /* Frameworks */ = {
			isa = PBXFrameworksBuildPhase;
			buildActionMask = 2147483647;
			files = (
			);
			runOnlyForDeploymentPostprocessing = 0;
		};
		095BC8FF27E8AF2F008A29C9 /* Frameworks */ = {
			isa = PBXFrameworksBuildPhase;
			buildActionMask = 2147483647;
			files = (
			);
			runOnlyForDeploymentPostprocessing = 0;
		};
/* End PBXFrameworksBuildPhase section */

/* Begin PBXGroup section */
		095BC8DF27E8AF2B008A29C9 = {
			isa = PBXGroup;
			children = (
				095BC8EA27E8AF2B008A29C9 /* InstagramClone_IOS */,
				095BC8FB27E8AF2F008A29C9 /* InstagramClone_IOSTests */,
				095BC90527E8AF2F008A29C9 /* InstagramClone_IOSUITests */,
				095BC8E927E8AF2B008A29C9 /* Products */,
			);
			sourceTree = "<group>";
		};
		095BC8E927E8AF2B008A29C9 /* Products */ = {
			isa = PBXGroup;
			children = (
				095BC8E827E8AF2B008A29C9 /* InstagramClone_IOS.app */,
				095BC8F827E8AF2F008A29C9 /* InstagramClone_IOSTests.xctest */,
				095BC90227E8AF2F008A29C9 /* InstagramClone_IOSUITests.xctest */,
			);
			name = Products;
			sourceTree = "<group>";
		};
		095BC8EA27E8AF2B008A29C9 /* InstagramClone_IOS */ = {
			isa = PBXGroup;
			children = (
				095BC8EB27E8AF2B008A29C9 /* InstagramClone_IOSApp.swift */,
				095BC8ED27E8AF2B008A29C9 /* ContentView.swift */,
				095BC8EF27E8AF2F008A29C9 /* Assets.xcassets */,
				095BC8F127E8AF2F008A29C9 /* Preview Content */,
				095BC91527E8C181008A29C9 /* PostView.swift */,
			);
			path = InstagramClone_IOS;
			sourceTree = "<group>";
		};
		095BC8F127E8AF2F008A29C9 /* Preview Content */ = {
			isa = PBXGroup;
			children = (
				095BC8F227E8AF2F008A29C9 /* Preview Assets.xcassets */,
			);
			path = "Preview Content";
			sourceTree = "<group>";
		};
		095BC8FB27E8AF2F008A29C9 /* InstagramClone_IOSTests */ = {
			isa = PBXGroup;
			children = (
				095BC8FC27E8AF2F008A29C9 /* InstagramClone_IOSTests.swift */,
			);
			path = InstagramClone_IOSTests;
			sourceTree = "<group>";
		};
		095BC90527E8AF2F008A29C9 /* InstagramClone_IOSUITests */ = {
			isa = PBXGroup;
			children = (
				095BC90627E8AF2F008A29C9 /* InstagramClone_IOSUITests.swift */,
				095BC90827E8AF2F008A29C9 /* InstagramClone_IOSUITestsLaunchTests.swift */,
			);
			path = InstagramClone_IOSUITests;
			sourceTree = "<group>";
		};
/* End PBXGroup section */

/* Begin PBXNativeTarget section */
		095BC8E727E8AF2B008A29C9 /* InstagramClone_IOS */ = {
			isa = PBXNativeTarget;
			buildConfigurationList = 095BC90C27E8AF2F008A29C9 /* Build configuration list for PBXNativeTarget "InstagramClone_IOS" */;
			buildPhases = (
				095BC8E427E8AF2B008A29C9 /* Sources */,
				095BC8E527E8AF2B008A29C9 /* Frameworks */,
				095BC8E627E8AF2B008A29C9 /* Resources */,
			);
			buildRules = (
			);
			dependencies = (
			);
			name = InstagramClone_IOS;
			productName = InstagramClone_IOS;
			productReference = 095BC8E827E8AF2B008A29C9 /* InstagramClone_IOS.app */;
			productType = "com.apple.product-type.application";
		};
		095BC8F727E8AF2F008A29C9 /* InstagramClone_IOSTests */ = {
			isa = PBXNativeTarget;
			buildConfigurationList = 095BC90F27E8AF2F008A29C9 /* Build configuration list for PBXNativeTarget "InstagramClone_IOSTests" */;
			buildPhases = (
				095BC8F427E8AF2F008A29C9 /* Sources */,
				095BC8F527E8AF2F008A29C9 /* Frameworks */,
				095BC8F627E8AF2F008A29C9 /* Resources */,
			);
			buildRules = (
			);
			dependencies = (
				095BC8FA27E8AF2F008A29C9 /* PBXTargetDependency */,
			);
			name = InstagramClone_IOSTests;
			productName = InstagramClone_IOSTests;
			productReference = 095BC8F827E8AF2F008A29C9 /* InstagramClone_IOSTests.xctest */;
			productType = "com.apple.product-type.bundle.unit-test";
		};
		095BC90127E8AF2F008A29C9 /* InstagramClone_IOSUITests */ = {
			isa = PBXNativeTarget;
			buildConfigurationList = 095BC91227E8AF2F008A29C9 /* Build configuration list for PBXNativeTarget "InstagramClone_IOSUITests" */;
			buildPhases = (
				095BC8FE27E8AF2F008A29C9 /* Sources */,
				095BC8FF27E8AF2F008A29C9 /* Frameworks */,
				095BC90027E8AF2F008A29C9 /* Resources */,
			);
			buildRules = (
			);
			dependencies = (
				095BC90427E8AF2F008A29C9 /* PBXTargetDependency */,
			);
			name = InstagramClone_IOSUITests;
			productName = InstagramClone_IOSUITests;
			productReference = 095BC90227E8AF2F008A29C9 /* InstagramClone_IOSUITests.xctest */;
			productType = "com.apple.product-type.bundle.ui-testing";
		};
/* End PBXNativeTarget section */

/* Begin PBXProject section */
		095BC8E027E8AF2B008A29C9 /* Project object */ = {
			isa = PBXProject;
			attributes = {
				BuildIndependentTargetsInParallel = 1;
				LastSwiftUpdateCheck = 1330;
				LastUpgradeCheck = 1330;
				TargetAttributes = {
					095BC8E727E8AF2B008A29C9 = {
						CreatedOnToolsVersion = 13.3;
					};
					095BC8F727E8AF2F008A29C9 = {
						CreatedOnToolsVersion = 13.3;
						TestTargetID = 095BC8E727E8AF2B008A29C9;
					};
					095BC90127E8AF2F008A29C9 = {
						CreatedOnToolsVersion = 13.3;
						TestTargetID = 095BC8E727E8AF2B008A29C9;
					};
				};
			};
			buildConfigurationList = 095BC8E327E8AF2B008A29C9 /* Build configuration list for PBXProject "InstagramClone_IOS" */;
			compatibilityVersion = "Xcode 13.0";
			developmentRegion = en;
			hasScannedForEncodings = 0;
			knownRegions = (
				en,
				Base,
			);
			mainGroup = 095BC8DF27E8AF2B008A29C9;
			productRefGroup = 095BC8E927E8AF2B008A29C9 /* Products */;
			projectDirPath = "";
			projectRoot = "";
			targets = (
				095BC8E727E8AF2B008A29C9 /* InstagramClone_IOS */,
				095BC8F727E8AF2F008A29C9 /* InstagramClone_IOSTests */,
				095BC90127E8AF2F008A29C9 /* InstagramClone_IOSUITests */,
			);
		};
/* End PBXProject section */

/* Begin PBXResourcesBuildPhase section */
		095BC8E627E8AF2B008A29C9 /* Resources */ = {
			isa = PBXResourcesBuildPhase;
			buildActionMask = 2147483647;
			files = (
				095BC8F327E8AF2F008A29C9 /* Preview Assets.xcassets in Resources */,
				095BC8F027E8AF2F008A29C9 /* Assets.xcassets in Resources */,
			);
			runOnlyForDeploymentPostprocessing = 0;
		};
		095BC8F627E8AF2F008A29C9 /* Resources */ = {
			isa = PBXResourcesBuildPhase;
			buildActionMask = 2147483647;
			files = (
			);
			runOnlyForDeploymentPostprocessing = 0;
		};
		095BC90027E8AF2F008A29C9 /* Resources */ = {
			isa = PBXResourcesBuildPhase;
			buildActionMask = 2147483647;
			files = (
			);
			runOnlyForDeploymentPostprocessing = 0;
		};
/* End PBXResourcesBuildPhase section */

/* Begin PBXSourcesBuildPhase section */
		095BC8E427E8AF2B008A29C9 /* Sources */ = {
			isa = PBXSourcesBuildPhase;
			buildActionMask = 2147483647;
			files = (
				095BC8EE27E8AF2B008A29C9 /* ContentView.swift in Sources */,
				095BC91627E8C181008A29C9 /* PostView.swift in Sources */,
				095BC8EC27E8AF2B008A29C9 /* InstagramClone_IOSApp.swift in Sources */,
			);
			runOnlyForDeploymentPostprocessing = 0;
		};
		095BC8F427E8AF2F008A29C9 /* Sources */ = {
			isa = PBXSourcesBuildPhase;
			buildActionMask = 2147483647;
			files = (
				095BC8FD27E8AF2F008A29C9 /* InstagramClone_IOSTests.swift in Sources */,
			);
			runOnlyForDeploymentPostprocessing = 0;
		};
		095BC8FE27E8AF2F008A29C9 /* Sources */ = {
			isa = PBXSourcesBuildPhase;
			buildActionMask = 2147483647;
			files = (
				095BC90727E8AF2F008A29C9 /* InstagramClone_IOSUITests.swift in Sources */,
				095BC90927E8AF2F008A29C9 /* InstagramClone_IOSUITestsLaunchTests.swift in Sources */,
			);
			runOnlyForDeploymentPostprocessing = 0;
		};
/* End PBXSourcesBuildPhase section */

/* Begin PBXTargetDependency section */
		095BC8FA27E8AF2F008A29C9 /* PBXTargetDependency */ = {
			isa = PBXTargetDependency;
			target = 095BC8E727E8AF2B008A29C9 /* InstagramClone_IOS */;
			targetProxy = 095BC8F927E8AF2F008A29C9 /* PBXContainerItemProxy */;
		};
		095BC90427E8AF2F008A29C9 /* PBXTargetDependency */ = {
			isa = PBXTargetDependency;
			target = 095BC8E727E8AF2B008A29C9 /* InstagramClone_IOS */;
			targetProxy = 095BC90327E8AF2F008A29C9 /* PBXContainerItemProxy */;
		};
/* End PBXTargetDependency section */

/* Begin XCBuildConfiguration section */
		095BC90A27E8AF2F008A29C9 /* Debug */ = {
			isa = XCBuildConfiguration;
			buildSettings = {
				ALWAYS_SEARCH_USER_PATHS = NO;
				CLANG_ANALYZER_NONNULL = YES;
				CLANG_ANALYZER_NUMBER_OBJECT_CONVERSION = YES_AGGRESSIVE;
				CLANG_CXX_LANGUAGE_STANDARD = "gnu++17";
				CLANG_ENABLE_MODULES = YES;
				CLANG_ENABLE_OBJC_ARC = YES;
				CLANG_ENABLE_OBJC_WEAK = YES;
				CLANG_WARN_BLOCK_CAPTURE_AUTORELEASING = YES;
				CLANG_WARN_BOOL_CONVERSION = YES;
				CLANG_WARN_COMMA = YES;
				CLANG_WARN_CONSTANT_CONVERSION = YES;
				CLANG_WARN_DEPRECATED_OBJC_IMPLEMENTATIONS = YES;
				CLANG_WARN_DIRECT_OBJC_ISA_USAGE = YES_ERROR;
				CLANG_WARN_DOCUMENTATION_COMMENTS = YES;
				CLANG_WARN_EMPTY_BODY = YES;
				CLANG_WARN_ENUM_CONVERSION = YES;
				CLANG_WARN_INFINITE_RECURSION = YES;
				CLANG_WARN_INT_CONVERSION = YES;
				CLANG_WARN_NON_LITERAL_NULL_CONVERSION = YES;
				CLANG_WARN_OBJC_IMPLICIT_RETAIN_SELF = YES;
				CLANG_WARN_OBJC_LITERAL_CONVERSION = YES;
				CLANG_WARN_OBJC_ROOT_CLASS = YES_ERROR;
				CLANG_WARN_QUOTED_INCLUDE_IN_FRAMEWORK_HEADER = YES;
				CLANG_WARN_RANGE_LOOP_ANALYSIS = YES;
				CLANG_WARN_STRICT_PROTOTYPES = YES;
				CLANG_WARN_SUSPICIOUS_MOVE = YES;
				CLANG_WARN_UNGUARDED_AVAILABILITY = YES_AGGRESSIVE;
				CLANG_WARN_UNREACHABLE_CODE = YES;
				CLANG_WARN__DUPLICATE_METHOD_MATCH = YES;
				COPY_PHASE_STRIP = NO;
				DEBUG_INFORMATION_FORMAT = dwarf;
				ENABLE_STRICT_OBJC_MSGSEND = YES;
				ENABLE_TESTABILITY = YES;
				GCC_C_LANGUAGE_STANDARD = gnu11;
				GCC_DYNAMIC_NO_PIC = NO;
				GCC_NO_COMMON_BLOCKS = YES;
				GCC_OPTIMIZATION_LEVEL = 0;
				GCC_PREPROCESSOR_DEFINITIONS = (
					"DEBUG=1",
					"$(inherited)",
				);
				GCC_WARN_64_TO_32_BIT_CONVERSION = YES;
				GCC_WARN_ABOUT_RETURN_TYPE = YES_ERROR;
				GCC_WARN_UNDECLARED_SELECTOR = YES;
				GCC_WARN_UNINITIALIZED_AUTOS = YES_AGGRESSIVE;
				GCC_WARN_UNUSED_FUNCTION = YES;
				GCC_WARN_UNUSED_VARIABLE = YES;
				IPHONEOS_DEPLOYMENT_TARGET = 15.4;
				MTL_ENABLE_DEBUG_INFO = INCLUDE_SOURCE;
				MTL_FAST_MATH = YES;
				ONLY_ACTIVE_ARCH = YES;
				SDKROOT = iphoneos;
				SWIFT_ACTIVE_COMPILATION_CONDITIONS = DEBUG;
				SWIFT_OPTIMIZATION_LEVEL = "-Onone";
			};
			name = Debug;
		};
		095BC90B27E8AF2F008A29C9 /* Release */ = {
			isa = XCBuildConfiguration;
			buildSettings = {
				ALWAYS_SEARCH_USER_PATHS = NO;
				CLANG_ANALYZER_NONNULL = YES;
				CLANG_ANALYZER_NUMBER_OBJECT_CONVERSION = YES_AGGRESSIVE;
				CLANG_CXX_LANGUAGE_STANDARD = "gnu++17";
				CLANG_ENABLE_MODULES = YES;
				CLANG_ENABLE_OBJC_ARC = YES;
				CLANG_ENABLE_OBJC_WEAK = YES;
				CLANG_WARN_BLOCK_CAPTURE_AUTORELEASING = YES;
				CLANG_WARN_BOOL_CONVERSION = YES;
				CLANG_WARN_COMMA = YES;
				CLANG_WARN_CONSTANT_CONVERSION = YES;
				CLANG_WARN_DEPRECATED_OBJC_IMPLEMENTATIONS = YES;
				CLANG_WARN_DIRECT_OBJC_ISA_USAGE = YES_ERROR;
				CLANG_WARN_DOCUMENTATION_COMMENTS = YES;
				CLANG_WARN_EMPTY_BODY = YES;
				CLANG_WARN_ENUM_CONVERSION = YES;
				CLANG_WARN_INFINITE_RECURSION = YES;
				CLANG_WARN_INT_CONVERSION = YES;
				CLANG_WARN_NON_LITERAL_NULL_CONVERSION = YES;
				CLANG_WARN_OBJC_IMPLICIT_RETAIN_SELF = YES;
				CLANG_WARN_OBJC_LITERAL_CONVERSION = YES;
				CLANG_WARN_OBJC_ROOT_CLASS = YES_ERROR;
				CLANG_WARN_QUOTED_INCLUDE_IN_FRAMEWORK_HEADER = YES;
				CLANG_WARN_RANGE_LOOP_ANALYSIS = YES;
				CLANG_WARN_STRICT_PROTOTYPES = YES;
				CLANG_WARN_SUSPICIOUS_MOVE = YES;
				CLANG_WARN_UNGUARDED_AVAILABILITY = YES_AGGRESSIVE;
				CLANG_WARN_UNREACHABLE_CODE = YES;
				CLANG_WARN__DUPLICATE_METHOD_MATCH = YES;
				COPY_PHASE_STRIP = NO;
				DEBUG_INFORMATION_FORMAT = "dwarf-with-dsym";
				ENABLE_NS_ASSERTIONS = NO;
				ENABLE_STRICT_OBJC_MSGSEND = YES;
				GCC_C_LANGUAGE_STANDARD = gnu11;
				GCC_NO_COMMON_BLOCKS = YES;
				GCC_WARN_64_TO_32_BIT_CONVERSION = YES;
				GCC_WARN_ABOUT_RETURN_TYPE = YES_ERROR;
				GCC_WARN_UNDECLARED_SELECTOR = YES;
				GCC_WARN_UNINITIALIZED_AUTOS = YES_AGGRESSIVE;
				GCC_WARN_UNUSED_FUNCTION = YES;
				GCC_WARN_UNUSED_VARIABLE = YES;
				IPHONEOS_DEPLOYMENT_TARGET = 15.4;
				MTL_ENABLE_DEBUG_INFO = NO;
				MTL_FAST_MATH = YES;
				SDKROOT = iphoneos;
				SWIFT_COMPILATION_MODE = wholemodule;
				SWIFT_OPTIMIZATION_LEVEL = "-O";
				VALIDATE_PRODUCT = YES;
			};
			name = Release;
		};
		095BC90D27E8AF2F008A29C9 /* Debug */ = {
			isa = XCBuildConfiguration;
			buildSettings = {
				ASSETCATALOG_COMPILER_APPICON_NAME = AppIcon;
				ASSETCATALOG_COMPILER_GLOBAL_ACCENT_COLOR_NAME = AccentColor;
				CODE_SIGN_STYLE = Automatic;
				CURRENT_PROJECT_VERSION = 1;
				DEVELOPMENT_ASSET_PATHS = "\"InstagramClone_IOS/Preview Content\"";
				DEVELOPMENT_TEAM = 953L4WCQ6C;
				ENABLE_PREVIEWS = YES;
				GENERATE_INFOPLIST_FILE = YES;
				INFOPLIST_KEY_UIApplicationSceneManifest_Generation = YES;
				INFOPLIST_KEY_UIApplicationSupportsIndirectInputEvents = YES;
				INFOPLIST_KEY_UILaunchScreen_Generation = YES;
				INFOPLIST_KEY_UISupportedInterfaceOrientations_iPad = "UIInterfaceOrientationPortrait UIInterfaceOrientationPortraitUpsideDown UIInterfaceOrientationLandscapeLeft UIInterfaceOrientationLandscapeRight";
				INFOPLIST_KEY_UISupportedInterfaceOrientations_iPhone = "UIInterfaceOrientationPortrait UIInterfaceOrientationLandscapeLeft UIInterfaceOrientationLandscapeRight";
				LD_RUNPATH_SEARCH_PATHS = (
					"$(inherited)",
					"@executable_path/Frameworks",
				);
				MARKETING_VERSION = 1.0;
				PRODUCT_BUNDLE_IDENTIFIER = "pl.olivier.InstagramClone-IOS";
				PRODUCT_NAME = "$(TARGET_NAME)";
				SWIFT_EMIT_LOC_STRINGS = YES;
				SWIFT_VERSION = 5.0;
				TARGETED_DEVICE_FAMILY = "1,2";
			};
			name = Debug;
		};
		095BC90E27E8AF2F008A29C9 /* Release */ = {
			isa = XCBuildConfiguration;
			buildSettings = {
				ASSETCATALOG_COMPILER_APPICON_NAME = AppIcon;
				ASSETCATALOG_COMPILER_GLOBAL_ACCENT_COLOR_NAME = AccentColor;
				CODE_SIGN_STYLE = Automatic;
				CURRENT_PROJECT_VERSION = 1;
				DEVELOPMENT_ASSET_PATHS = "\"InstagramClone_IOS/Preview Content\"";
				DEVELOPMENT_TEAM = 953L4WCQ6C;
				ENABLE_PREVIEWS = YES;
				GENERATE_INFOPLIST_FILE = YES;
				INFOPLIST_KEY_UIApplicationSceneManifest_Generation = YES;
				INFOPLIST_KEY_UIApplicationSupportsIndirectInputEvents = YES;
				INFOPLIST_KEY_UILaunchScreen_Generation = YES;
				INFOPLIST_KEY_UISupportedInterfaceOrientations_iPad = "UIInterfaceOrientationPortrait UIInterfaceOrientationPortraitUpsideDown UIInterfaceOrientationLandscapeLeft UIInterfaceOrientationLandscapeRight";
				INFOPLIST_KEY_UISupportedInterfaceOrientations_iPhone = "UIInterfaceOrientationPortrait UIInterfaceOrientationLandscapeLeft UIInterfaceOrientationLandscapeRight";
				LD_RUNPATH_SEARCH_PATHS = (
					"$(inherited)",
					"@executable_path/Frameworks",
				);
				MARKETING_VERSION = 1.0;
				PRODUCT_BUNDLE_IDENTIFIER = "pl.olivier.InstagramClone-IOS";
				PRODUCT_NAME = "$(TARGET_NAME)";
				SWIFT_EMIT_LOC_STRINGS = YES;
				SWIFT_VERSION = 5.0;
				TARGETED_DEVICE_FAMILY = "1,2";
			};
			name = Release;
		};
		095BC91027E8AF2F008A29C9 /* Debug */ = {
			isa = XCBuildConfiguration;
			buildSettings = {
				ALWAYS_EMBED_SWIFT_STANDARD_LIBRARIES = YES;
				BUNDLE_LOADER = "$(TEST_HOST)";
				CODE_SIGN_STYLE = Automatic;
				CURRENT_PROJECT_VERSION = 1;
				DEVELOPMENT_TEAM = 953L4WCQ6C;
				GENERATE_INFOPLIST_FILE = YES;
				IPHONEOS_DEPLOYMENT_TARGET = 15.4;
				MARKETING_VERSION = 1.0;
				PRODUCT_BUNDLE_IDENTIFIER = "pl.olivier.InstagramClone-IOSTests";
				PRODUCT_NAME = "$(TARGET_NAME)";
				SWIFT_EMIT_LOC_STRINGS = NO;
				SWIFT_VERSION = 5.0;
				TARGETED_DEVICE_FAMILY = "1,2";
				TEST_HOST = "$(BUILT_PRODUCTS_DIR)/InstagramClone_IOS.app/InstagramClone_IOS";
			};
			name = Debug;
		};
		095BC91127E8AF2F008A29C9 /* Release */ = {
			isa = XCBuildConfiguration;
			buildSettings = {
				ALWAYS_EMBED_SWIFT_STANDARD_LIBRARIES = YES;
				BUNDLE_LOADER = "$(TEST_HOST)";
				CODE_SIGN_STYLE = Automatic;
				CURRENT_PROJECT_VERSION = 1;
				DEVELOPMENT_TEAM = 953L4WCQ6C;
				GENERATE_INFOPLIST_FILE = YES;
				IPHONEOS_DEPLOYMENT_TARGET = 15.4;
				MARKETING_VERSION = 1.0;
				PRODUCT_BUNDLE_IDENTIFIER = "pl.olivier.InstagramClone-IOSTests";
				PRODUCT_NAME = "$(TARGET_NAME)";
				SWIFT_EMIT_LOC_STRINGS = NO;
				SWIFT_VERSION = 5.0;
				TARGETED_DEVICE_FAMILY = "1,2";
				TEST_HOST = "$(BUILT_PRODUCTS_DIR)/InstagramClone_IOS.app/InstagramClone_IOS";
			};
			name = Release;
		};
		095BC91327E8AF2F008A29C9 /* Debug */ = {
			isa = XCBuildConfiguration;
			buildSettings = {
				ALWAYS_EMBED_SWIFT_STANDARD_LIBRARIES = YES;
				CODE_SIGN_STYLE = Automatic;
				CURRENT_PROJECT_VERSION = 1;
				DEVELOPMENT_TEAM = 953L4WCQ6C;
				GENERATE_INFOPLIST_FILE = YES;
				MARKETING_VERSION = 1.0;
				PRODUCT_BUNDLE_IDENTIFIER = "pl.olivier.InstagramClone-IOSUITests";
				PRODUCT_NAME = "$(TARGET_NAME)";
				SWIFT_EMIT_LOC_STRINGS = NO;
				SWIFT_VERSION = 5.0;
				TARGETED_DEVICE_FAMILY = "1,2";
				TEST_TARGET_NAME = InstagramClone_IOS;
			};
			name = Debug;
		};
		095BC91427E8AF2F008A29C9 /* Release */ = {
			isa = XCBuildConfiguration;
			buildSettings = {
				ALWAYS_EMBED_SWIFT_STANDARD_LIBRARIES = YES;
				CODE_SIGN_STYLE = Automatic;
				CURRENT_PROJECT_VERSION = 1;
				DEVELOPMENT_TEAM = 953L4WCQ6C;
				GENERATE_INFOPLIST_FILE = YES;
				MARKETING_VERSION = 1.0;
				PRODUCT_BUNDLE_IDENTIFIER = "pl.olivier.InstagramClone-IOSUITests";
				PRODUCT_NAME = "$(TARGET_NAME)";
				SWIFT_EMIT_LOC_STRINGS = NO;
				SWIFT_VERSION = 5.0;
				TARGETED_DEVICE_FAMILY = "1,2";
				TEST_TARGET_NAME = InstagramClone_IOS;
			};
			name = Release;
		};
/* End XCBuildConfiguration section */

/* Begin XCConfigurationList section */
		095BC8E327E8AF2B008A29C9 /* Build configuration list for PBXProject "InstagramClone_IOS" */ = {
			isa = XCConfigurationList;
			buildConfigurations = (
				095BC90A27E8AF2F008A29C9 /* Debug */,
				095BC90B27E8AF2F008A29C9 /* Release */,
			);
			defaultConfigurationIsVisible = 0;
			defaultConfigurationName = Release;
		};
		095BC90C27E8AF2F008A29C9 /* Build configuration list for PBXNativeTarget "InstagramClone_IOS" */ = {
			isa = XCConfigurationList;
			buildConfigurations = (
				095BC90D27E8AF2F008A29C9 /* Debug */,
				095BC90E27E8AF2F008A29C9 /* Release */,
			);
			defaultConfigurationIsVisible = 0;
			defaultConfigurationName = Release;
		};
		095BC90F27E8AF2F008A29C9 /* Build configuration list for PBXNativeTarget "InstagramClone_IOSTests" */ = {
			isa = XCConfigurationList;
			buildConfigurations = (
				095BC91027E8AF2F008A29C9 /* Debug */,
				095BC91127E8AF2F008A29C9 /* Release */,
			);
			defaultConfigurationIsVisible = 0;
			defaultConfigurationName = Release;
		};
		095BC91227E8AF2F008A29C9 /* Build configuration list for PBXNativeTarget "InstagramClone_IOSUITests" */ = {
			isa = XCConfigurationList;
			buildConfigurations = (
				095BC91327E8AF2F008A29C9 /* Debug */,
				095BC91427E8AF2F008A29C9 /* Release */,
			);
			defaultConfigurationIsVisible = 0;
			defaultConfigurationName = Release;
		};
/* End XCConfigurationList section */
	};
	rootObject = 095BC8E027E8AF2B008A29C9 /* Project object */;
}
